
Microsoft Visual Studio Solution File, Format Version 12.00
# Visual Studio 15
VisualStudioVersion = 15.0.28307.1062
MinimumVisualStudioVersion = 10.0.40219.1
Project("{FAE04EC0-301F-11D3-BF4B-00C04F79EFBC}") = "OraganismSimulation", "OraganismSimulation\OraganismSimulation.csproj", "{602EEF72-EF67-46B0-83B7-328E14A8DAD9}"
EndProject
Global
	GlobalSection(SolutionConfigurationPlatforms) = preSolution
		Debug|Any CPU = Debug|Any CPU
		Debug|x86 = Debug|x86
		Release|Any CPU = Release|Any CPU
		Release|x86 = Release|x86
	EndGlobalSection
	GlobalSection(ProjectConfigurationPlatforms) = postSolution
		{602EEF72-EF67-46B0-83B7-328E14A8DAD9}.Debug|Any CPU.ActiveCfg = Debug|Any CPU
		{602EEF72-EF67-46B0-83B7-328E14A8DAD9}.Debug|Any CPU.Build.0 = Debug|Any CPU
		{602EEF72-EF67-46B0-83B7-328E14A8DAD9}.Debug|x86.ActiveCfg = Debug|x86
		{602EEF72-EF67-46B0-83B7-328E14A8DAD9}.Debug|x86.Build.0 = Debug|x86
		{602EEF72-EF67-46B0-83B7-328E14A8DAD9}.Release|Any CPU.ActiveCfg = Release|Any CPU
		{602EEF72-EF67-46B0-83B7-328E14A8DAD9}.Release|Any CPU.Build.0 = Release|Any CPU
		{602EEF72-EF67-46B0-83B7-328E14A8DAD9}.Release|x86.ActiveCfg = Release|x86
		{602EEF72-EF67-46B0-83B7-328E14A8DAD9}.Release|x86.Build.0 = Release|x86
	EndGlobalSection
	GlobalSection(SolutionProperties) = preSolution
		HideSolutionNode = FALSE
	EndGlobalSection
	GlobalSection(ExtensibilityGlobals) = postSolution
		SolutionGuid = {1D0DDA27-95E5-48D1-BB6C-1AC613C0B02B}
	EndGlobalSection
EndGlobal
